
Microsoft Visual Studio Solution File, Format Version 12.00
# Visual Studio 15
VisualStudioVersion = 15.0.28307.421
MinimumVisualStudioVersion = 10.0.40219.1
Project("{9A19103F-16F7-4668-BE54-9A1E7A4F7556}") = "ProjectManagement.API", "ProjectManagement.API.csproj", "{92126E56-76F0-4DBC-88F3-60A7916E146F}"
EndProject
Global
	GlobalSection(SolutionConfigurationPlatforms) = preSolution
		Debug|Any CPU = Debug|Any CPU
		Release|Any CPU = Release|Any CPU
	EndGlobalSection
	GlobalSection(ProjectConfigurationPlatforms) = postSolution
		{92126E56-76F0-4DBC-88F3-60A7916E146F}.Debug|Any CPU.ActiveCfg = Debug|Any CPU
		{92126E56-76F0-4DBC-88F3-60A7916E146F}.Debug|Any CPU.Build.0 = Debug|Any CPU
		{92126E56-76F0-4DBC-88F3-60A7916E146F}.Release|Any CPU.ActiveCfg = Release|Any CPU
		{92126E56-76F0-4DBC-88F3-60A7916E146F}.Release|Any CPU.Build.0 = Release|Any CPU
	EndGlobalSection
	GlobalSection(SolutionProperties) = preSolution
		HideSolutionNode = FALSE
	EndGlobalSection
	GlobalSection(ExtensibilityGlobals) = postSolution
		SolutionGuid = {AE33235B-F236-4798-9720-EB42B53D349A}
	EndGlobalSection
EndGlobal
